# THIS IS AN AUTOGENERATED FILE. DO NOT EDIT THIS FILE DIRECTLY.
# yarn lockfile v1


pkg-001@^1.0.0:
  version "1.0.0"
  resolved "https://registry.yarnpkg.com/pkg-001/-/pkg-001-1.0.0.tgz#ffbba979c603b49a8d80c00af47098fe96940cb0"

pkg-002@^1.0.0:
  version "1.0.0"
  resolved "https://registry.yarnpkg.com/pkg-002/-/pkg-002-1.0.0.tgz#329c8070b2dad81005e2b9c359db0116adde9b04"
  dependencies:
    pkg-001 "^1.0.0"
