# THIS IS AN AUTOGENERATED FILE. DO NOT EDIT THIS FILE DIRECTLY.
# yarn lockfile v1


pkg-001@^1.1.0:
  version "1.1.0"
  resolved "https://registry.yarnpkg.com/pkg-001/-/pkg-001-1.1.0.tgz#5c7f4e69e10d20f9b2416d89c7d4f91bbe5130a6"

pkg-002@^1.1.0:
  version "1.1.0"
  resolved "https://registry.yarnpkg.com/pkg-002/-/pkg-002-1.1.0.tgz#bbb33612c3894905404e48c0cd5f41e64fb594ad"
  dependencies:
    pkg-001 "^1.1.0"
